
Microsoft Visual Studio Solution File, Format Version 12.00
# Visual Studio 15
VisualStudioVersion = 15.0.28307.1231
MinimumVisualStudioVersion = 10.0.40219.1
Project("{FAE04EC0-301F-11D3-BF4B-00C04F79EFBC}") = "App02_TipoPaginaXF.Android", "App02_TipoPaginaXF\App02_TipoPaginaXF.Android\App02_TipoPaginaXF.Android.csproj", "{FA058522-CDEA-4D25-B8A5-D775C03CF2A2}"
EndProject
Project("{FAE04EC0-301F-11D3-BF4B-00C04F79EFBC}") = "App02_TipoPaginaXF.iOS", "App02_TipoPaginaXF\App02_TipoPaginaXF.iOS\App02_TipoPaginaXF.iOS.csproj", "{C44F7903-3A8C-4573-8166-ACDE907D29A3}"
EndProject
Project("{FAE04EC0-301F-11D3-BF4B-00C04F79EFBC}") = "App02_TipoPaginaXF.UWP", "App02_TipoPaginaXF\App02_TipoPaginaXF.UWP\App02_TipoPaginaXF.UWP.csproj", "{2A2611D5-5124-4E5C-8CA4-9B1EE2EAA16C}"
EndProject
Project("{FAE04EC0-301F-11D3-BF4B-00C04F79EFBC}") = "App02_TipoPaginaXF", "App02_TipoPaginaXF\App02_TipoPaginaXF\App02_TipoPaginaXF.csproj", "{CC02115B-8279-4590-B27B-DC278490F8CB}"
EndProject
Global
	GlobalSection(SolutionConfigurationPlatforms) = preSolution
		Ad-Hoc|Any CPU = Ad-Hoc|Any CPU
		Ad-Hoc|ARM = Ad-Hoc|ARM
		Ad-Hoc|iPhone = Ad-Hoc|iPhone
		Ad-Hoc|iPhoneSimulator = Ad-Hoc|iPhoneSimulator
		Ad-Hoc|x64 = Ad-Hoc|x64
		Ad-Hoc|x86 = Ad-Hoc|x86
		AppStore|Any CPU = AppStore|Any CPU
		AppStore|ARM = AppStore|ARM
		AppStore|iPhone = AppStore|iPhone
		AppStore|iPhoneSimulator = AppStore|iPhoneSimulator
		AppStore|x64 = AppStore|x64
		AppStore|x86 = AppStore|x86
		Debug|Any CPU = Debug|Any CPU
		Debug|ARM = Debug|ARM
		Debug|iPhone = Debug|iPhone
		Debug|iPhoneSimulator = Debug|iPhoneSimulator
		Debug|x64 = Debug|x64
		Debug|x86 = Debug|x86
		Release|Any CPU = Release|Any CPU
		Release|ARM = Release|ARM
		Release|iPhone = Release|iPhone
		Release|iPhoneSimulator = Release|iPhoneSimulator
		Release|x64 = Release|x64
		Release|x86 = Release|x86
	EndGlobalSection
	GlobalSection(ProjectConfigurationPlatforms) = postSolution
		{FA058522-CDEA-4D25-B8A5-D775C03CF2A2}.Ad-Hoc|Any CPU.ActiveCfg = Release|Any CPU
		{FA058522-CDEA-4D25-B8A5-D775C03CF2A2}.Ad-Hoc|Any CPU.Build.0 = Release|Any CPU
		{FA058522-CDEA-4D25-B8A5-D775C03CF2A2}.Ad-Hoc|Any CPU.Deploy.0 = Release|Any CPU
		{FA058522-CDEA-4D25-B8A5-D775C03CF2A2}.Ad-Hoc|ARM.ActiveCfg = Release|Any CPU
		{FA058522-CDEA-4D25-B8A5-D775C03CF2A2}.Ad-Hoc|ARM.Build.0 = Release|Any CPU
		{FA058522-CDEA-4D25-B8A5-D775C03CF2A2}.Ad-Hoc|ARM.Deploy.0 = Release|Any CPU
		{FA058522-CDEA-4D25-B8A5-D775C03CF2A2}.Ad-Hoc|iPhone.ActiveCfg = Release|Any CPU
		{FA058522-CDEA-4D25-B8A5-D775C03CF2A2}.Ad-Hoc|iPhone.Build.0 = Release|Any CPU
		{FA058522-CDEA-4D25-B8A5-D775C03CF2A2}.Ad-Hoc|iPhone.Deploy.0 = Release|Any CPU
		{FA058522-CDEA-4D25-B8A5-D775C03CF2A2}.Ad-Hoc|iPhoneSimulator.ActiveCfg = Release|Any CPU
		{FA058522-CDEA-4D25-B8A5-D775C03CF2A2}.Ad-Hoc|iPhoneSimulator.Build.0 = Release|Any CPU
		{FA058522-CDEA-4D25-B8A5-D775C03CF2A2}.Ad-Hoc|iPhoneSimulator.Deploy.0 = Release|Any CPU
		{FA058522-CDEA-4D25-B8A5-D775C03CF2A2}.Ad-Hoc|x64.ActiveCfg = Release|Any CPU
		{FA058522-CDEA-4D25-B8A5-D775C03CF2A2}.Ad-Hoc|x64.Build.0 = Release|Any CPU
		{FA058522-CDEA-4D25-B8A5-D775C03CF2A2}.Ad-Hoc|x64.Deploy.0 = Release|Any CPU
		{FA058522-CDEA-4D25-B8A5-D775C03CF2A2}.Ad-Hoc|x86.ActiveCfg = Release|Any CPU
		{FA058522-CDEA-4D25-B8A5-D775C03CF2A2}.Ad-Hoc|x86.Build.0 = Release|Any CPU
		{FA058522-CDEA-4D25-B8A5-D775C03CF2A2}.Ad-Hoc|x86.Deploy.0 = Release|Any CPU
		{FA058522-CDEA-4D25-B8A5-D775C03CF2A2}.AppStore|Any CPU.ActiveCfg = Release|Any CPU
		{FA058522-CDEA-4D25-B8A5-D775C03CF2A2}.AppStore|Any CPU.Build.0 = Release|Any CPU
		{FA058522-CDEA-4D25-B8A5-D775C03CF2A2}.AppStore|Any CPU.Deploy.0 = Release|Any CPU
		{FA058522-CDEA-4D25-B8A5-D775C03CF2A2}.AppStore|ARM.ActiveCfg = Release|Any CPU
		{FA058522-CDEA-4D25-B8A5-D775C03CF2A2}.AppStore|ARM.Build.0 = Release|Any CPU
		{FA058522-CDEA-4D25-B8A5-D775C03CF2A2}.AppStore|ARM.Deploy.0 = Release|Any CPU
		{FA058522-CDEA-4D25-B8A5-D775C03CF2A2}.AppStore|iPhone.ActiveCfg = Release|Any CPU
		{FA058522-CDEA-4D25-B8A5-D775C03CF2A2}.AppStore|iPhone.Build.0 = Release|Any CPU
		{FA058522-CDEA-4D25-B8A5-D775C03CF2A2}.AppStore|iPhone.Deploy.0 = Release|Any CPU
		{FA058522-CDEA-4D25-B8A5-D775C03CF2A2}.AppStore|iPhoneSimulator.ActiveCfg = Release|Any CPU
		{FA058522-CDEA-4D25-B8A5-D775C03CF2A2}.AppStore|iPhoneSimulator.Build.0 = Release|Any CPU
		{FA058522-CDEA-4D25-B8A5-D775C03CF2A2}.AppStore|iPhoneSimulator.Deploy.0 = Release|Any CPU
		{FA058522-CDEA-4D25-B8A5-D775C03CF2A2}.AppStore|x64.ActiveCfg = Release|Any CPU
		{FA058522-CDEA-4D25-B8A5-D775C03CF2A2}.AppStore|x64.Build.0 = Release|Any CPU
		{FA058522-CDEA-4D25-B8A5-D775C03CF2A2}.AppStore|x64.Deploy.0 = Release|Any CPU
		{FA058522-CDEA-4D25-B8A5-D775C03CF2A2}.AppStore|x86.ActiveCfg = Release|Any CPU
		{FA058522-CDEA-4D25-B8A5-D775C03CF2A2}.AppStore|x86.Build.0 = Release|Any CPU
		{FA058522-CDEA-4D25-B8A5-D775C03CF2A2}.AppStore|x86.Deploy.0 = Release|Any CPU
		{FA058522-CDEA-4D25-B8A5-D775C03CF2A2}.Debug|Any CPU.ActiveCfg = Debug|Any CPU
		{FA058522-CDEA-4D25-B8A5-D775C03CF2A2}.Debug|Any CPU.Build.0 = Debug|Any CPU
		{FA058522-CDEA-4D25-B8A5-D775C03CF2A2}.Debug|Any CPU.Deploy.0 = Debug|Any CPU
		{FA058522-CDEA-4D25-B8A5-D775C03CF2A2}.Debug|ARM.ActiveCfg = Debug|Any CPU
		{FA058522-CDEA-4D25-B8A5-D775C03CF2A2}.Debug|ARM.Build.0 = Debug|Any CPU
		{FA058522-CDEA-4D25-B8A5-D775C03CF2A2}.Debug|ARM.Deploy.0 = Debug|Any CPU
		{FA058522-CDEA-4D25-B8A5-D775C03CF2A2}.Debug|iPhone.ActiveCfg = Debug|Any CPU
		{FA058522-CDEA-4D25-B8A5-D775C03CF2A2}.Debug|iPhone.Build.0 = Debug|Any CPU
		{FA058522-CDEA-4D25-B8A5-D775C03CF2A2}.Debug|iPhone.Deploy.0 = Debug|Any CPU
		{FA058522-CDEA-4D25-B8A5-D775C03CF2A2}.Debug|iPhoneSimulator.ActiveCfg = Debug|Any CPU
		{FA058522-CDEA-4D25-B8A5-D775C03CF2A2}.Debug|iPhoneSimulator.Build.0 = Debug|Any CPU
		{FA058522-CDEA-4D25-B8A5-D775C03CF2A2}.Debug|iPhoneSimulator.Deploy.0 = Debug|Any CPU
		{FA058522-CDEA-4D25-B8A5-D775C03CF2A2}.Debug|x64.ActiveCfg = Debug|Any CPU
		{FA058522-CDEA-4D25-B8A5-D775C03CF2A2}.Debug|x64.Build.0 = Debug|Any CPU
		{FA058522-CDEA-4D25-B8A5-D775C03CF2A2}.Debug|x64.Deploy.0 = Debug|Any CPU
		{FA058522-CDEA-4D25-B8A5-D775C03CF2A2}.Debug|x86.ActiveCfg = Debug|Any CPU
		{FA058522-CDEA-4D25-B8A5-D775C03CF2A2}.Debug|x86.Build.0 = Debug|Any CPU
		{FA058522-CDEA-4D25-B8A5-D775C03CF2A2}.Debug|x86.Deploy.0 = Debug|Any CPU
		{FA058522-CDEA-4D25-B8A5-D775C03CF2A2}.Release|Any CPU.ActiveCfg = Release|Any CPU
		{FA058522-CDEA-4D25-B8A5-D775C03CF2A2}.Release|Any CPU.Build.0 = Release|Any CPU
		{FA058522-CDEA-4D25-B8A5-D775C03CF2A2}.Release|Any CPU.Deploy.0 = Release|Any CPU
		{FA058522-CDEA-4D25-B8A5-D775C03CF2A2}.Release|ARM.ActiveCfg = Release|Any CPU
		{FA058522-CDEA-4D25-B8A5-D775C03CF2A2}.Release|ARM.Build.0 = Release|Any CPU
		{FA058522-CDEA-4D25-B8A5-D775C03CF2A2}.Release|ARM.Deploy.0 = Release|Any CPU
		{FA058522-CDEA-4D25-B8A5-D775C03CF2A2}.Release|iPhone.ActiveCfg = Release|Any CPU
		{FA058522-CDEA-4D25-B8A5-D775C03CF2A2}.Release|iPhone.Build.0 = Release|Any CPU
		{FA058522-CDEA-4D25-B8A5-D775C03CF2A2}.Release|iPhone.Deploy.0 = Release|Any CPU
		{FA058522-CDEA-4D25-B8A5-D775C03CF2A2}.Release|iPhoneSimulator.ActiveCfg = Release|Any CPU
		{FA058522-CDEA-4D25-B8A5-D775C03CF2A2}.Release|iPhoneSimulator.Build.0 = Release|Any CPU
		{FA058522-CDEA-4D25-B8A5-D775C03CF2A2}.Release|iPhoneSimulator.Deploy.0 = Release|Any CPU
		{FA058522-CDEA-4D25-B8A5-D775C03CF2A2}.Release|x64.ActiveCfg = Release|Any CPU
		{FA058522-CDEA-4D25-B8A5-D775C03CF2A2}.Release|x64.Build.0 = Release|Any CPU
		{FA058522-CDEA-4D25-B8A5-D775C03CF2A2}.Release|x64.Deploy.0 = Release|Any CPU
		{FA058522-CDEA-4D25-B8A5-D775C03CF2A2}.Release|x86.ActiveCfg = Release|Any CPU
		{FA058522-CDEA-4D25-B8A5-D775C03CF2A2}.Release|x86.Build.0 = Release|Any CPU
		{FA058522-CDEA-4D25-B8A5-D775C03CF2A2}.Release|x86.Deploy.0 = Release|Any CPU
		{C44F7903-3A8C-4573-8166-ACDE907D29A3}.Ad-Hoc|Any CPU.ActiveCfg = Ad-Hoc|iPhone
		{C44F7903-3A8C-4573-8166-ACDE907D29A3}.Ad-Hoc|Any CPU.Build.0 = Ad-Hoc|iPhone
		{C44F7903-3A8C-4573-8166-ACDE907D29A3}.Ad-Hoc|Any CPU.Deploy.0 = Ad-Hoc|iPhone
		{C44F7903-3A8C-4573-8166-ACDE907D29A3}.Ad-Hoc|ARM.ActiveCfg = Ad-Hoc|iPhone
		{C44F7903-3A8C-4573-8166-ACDE907D29A3}.Ad-Hoc|ARM.Build.0 = Ad-Hoc|iPhone
		{C44F7903-3A8C-4573-8166-ACDE907D29A3}.Ad-Hoc|ARM.Deploy.0 = Ad-Hoc|iPhone
		{C44F7903-3A8C-4573-8166-ACDE907D29A3}.Ad-Hoc|iPhone.ActiveCfg = Ad-Hoc|iPhone
		{C44F7903-3A8C-4573-8166-ACDE907D29A3}.Ad-Hoc|iPhone.Build.0 = Ad-Hoc|iPhone
		{C44F7903-3A8C-4573-8166-ACDE907D29A3}.Ad-Hoc|iPhone.Deploy.0 = Ad-Hoc|iPhone
		{C44F7903-3A8C-4573-8166-ACDE907D29A3}.Ad-Hoc|iPhoneSimulator.ActiveCfg = Ad-Hoc|iPhoneSimulator
		{C44F7903-3A8C-4573-8166-ACDE907D29A3}.Ad-Hoc|iPhoneSimulator.Build.0 = Ad-Hoc|iPhoneSimulator
		{C44F7903-3A8C-4573-8166-ACDE907D29A3}.Ad-Hoc|iPhoneSimulator.Deploy.0 = Ad-Hoc|iPhoneSimulator
		{C44F7903-3A8C-4573-8166-ACDE907D29A3}.Ad-Hoc|x64.ActiveCfg = Ad-Hoc|iPhone
		{C44F7903-3A8C-4573-8166-ACDE907D29A3}.Ad-Hoc|x64.Build.0 = Ad-Hoc|iPhone
		{C44F7903-3A8C-4573-8166-ACDE907D29A3}.Ad-Hoc|x64.Deploy.0 = Ad-Hoc|iPhone
		{C44F7903-3A8C-4573-8166-ACDE907D29A3}.Ad-Hoc|x86.ActiveCfg = Ad-Hoc|iPhone
		{C44F7903-3A8C-4573-8166-ACDE907D29A3}.Ad-Hoc|x86.Build.0 = Ad-Hoc|iPhone
		{C44F7903-3A8C-4573-8166-ACDE907D29A3}.Ad-Hoc|x86.Deploy.0 = Ad-Hoc|iPhone
		{C44F7903-3A8C-4573-8166-ACDE907D29A3}.AppStore|Any CPU.ActiveCfg = AppStore|iPhone
		{C44F7903-3A8C-4573-8166-ACDE907D29A3}.AppStore|Any CPU.Build.0 = AppStore|iPhone
		{C44F7903-3A8C-4573-8166-ACDE907D29A3}.AppStore|Any CPU.Deploy.0 = AppStore|iPhone
		{C44F7903-3A8C-4573-8166-ACDE907D29A3}.AppStore|ARM.ActiveCfg = AppStore|iPhone
		{C44F7903-3A8C-4573-8166-ACDE907D29A3}.AppStore|ARM.Build.0 = AppStore|iPhone
		{C44F7903-3A8C-4573-8166-ACDE907D29A3}.AppStore|ARM.Deploy.0 = AppStore|iPhone
		{C44F7903-3A8C-4573-8166-ACDE907D29A3}.AppStore|iPhone.ActiveCfg = AppStore|iPhone
		{C44F7903-3A8C-4573-8166-ACDE907D29A3}.AppStore|iPhone.Build.0 = AppStore|iPhone
		{C44F7903-3A8C-4573-8166-ACDE907D29A3}.AppStore|iPhone.Deploy.0 = AppStore|iPhone
		{C44F7903-3A8C-4573-8166-ACDE907D29A3}.AppStore|iPhoneSimulator.ActiveCfg = AppStore|iPhoneSimulator
		{C44F7903-3A8C-4573-8166-ACDE907D29A3}.AppStore|iPhoneSimulator.Build.0 = AppStore|iPhoneSimulator
		{C44F7903-3A8C-4573-8166-ACDE907D29A3}.AppStore|iPhoneSimulator.Deploy.0 = AppStore|iPhoneSimulator
		{C44F7903-3A8C-4573-8166-ACDE907D29A3}.AppStore|x64.ActiveCfg = AppStore|iPhone
		{C44F7903-3A8C-4573-8166-ACDE907D29A3}.AppStore|x64.Build.0 = AppStore|iPhone
		{C44F7903-3A8C-4573-8166-ACDE907D29A3}.AppStore|x64.Deploy.0 = AppStore|iPhone
		{C44F7903-3A8C-4573-8166-ACDE907D29A3}.AppStore|x86.ActiveCfg = AppStore|iPhone
		{C44F7903-3A8C-4573-8166-ACDE907D29A3}.AppStore|x86.Build.0 = AppStore|iPhone
		{C44F7903-3A8C-4573-8166-ACDE907D29A3}.AppStore|x86.Deploy.0 = AppStore|iPhone
		{C44F7903-3A8C-4573-8166-ACDE907D29A3}.Debug|Any CPU.ActiveCfg = Debug|iPhoneSimulator
		{C44F7903-3A8C-4573-8166-ACDE907D29A3}.Debug|Any CPU.Build.0 = Debug|iPhoneSimulator
		{C44F7903-3A8C-4573-8166-ACDE907D29A3}.Debug|Any CPU.Deploy.0 = Debug|iPhoneSimulator
		{C44F7903-3A8C-4573-8166-ACDE907D29A3}.Debug|ARM.ActiveCfg = Debug|iPhone
		{C44F7903-3A8C-4573-8166-ACDE907D29A3}.Debug|ARM.Build.0 = Debug|iPhone
		{C44F7903-3A8C-4573-8166-ACDE907D29A3}.Debug|ARM.Deploy.0 = Debug|iPhone
		{C44F7903-3A8C-4573-8166-ACDE907D29A3}.Debug|iPhone.ActiveCfg = Debug|iPhone
		{C44F7903-3A8C-4573-8166-ACDE907D29A3}.Debug|iPhone.Build.0 = Debug|iPhone
		{C44F7903-3A8C-4573-8166-ACDE907D29A3}.Debug|iPhone.Deploy.0 = Debug|iPhone
		{C44F7903-3A8C-4573-8166-ACDE907D29A3}.Debug|iPhoneSimulator.ActiveCfg = Debug|iPhoneSimulator
		{C44F7903-3A8C-4573-8166-ACDE907D29A3}.Debug|iPhoneSimulator.Build.0 = Debug|iPhoneSimulator
		{C44F7903-3A8C-4573-8166-ACDE907D29A3}.Debug|iPhoneSimulator.Deploy.0 = Debug|iPhoneSimulator
		{C44F7903-3A8C-4573-8166-ACDE907D29A3}.Debug|x64.ActiveCfg = Debug|iPhone
		{C44F7903-3A8C-4573-8166-ACDE907D29A3}.Debug|x64.Build.0 = Debug|iPhone
		{C44F7903-3A8C-4573-8166-ACDE907D29A3}.Debug|x64.Deploy.0 = Debug|iPhone
		{C44F7903-3A8C-4573-8166-ACDE907D29A3}.Debug|x86.ActiveCfg = Debug|iPhone
		{C44F7903-3A8C-4573-8166-ACDE907D29A3}.Debug|x86.Build.0 = Debug|iPhone
		{C44F7903-3A8C-4573-8166-ACDE907D29A3}.Debug|x86.Deploy.0 = Debug|iPhone
		{C44F7903-3A8C-4573-8166-ACDE907D29A3}.Release|Any CPU.ActiveCfg = Release|iPhone
		{C44F7903-3A8C-4573-8166-ACDE907D29A3}.Release|Any CPU.Build.0 = Release|iPhone
		{C44F7903-3A8C-4573-8166-ACDE907D29A3}.Release|Any CPU.Deploy.0 = Release|iPhone
		{C44F7903-3A8C-4573-8166-ACDE907D29A3}.Release|ARM.ActiveCfg = Release|iPhone
		{C44F7903-3A8C-4573-8166-ACDE907D29A3}.Release|ARM.Build.0 = Release|iPhone
		{C44F7903-3A8C-4573-8166-ACDE907D29A3}.Release|ARM.Deploy.0 = Release|iPhone
		{C44F7903-3A8C-4573-8166-ACDE907D29A3}.Release|iPhone.ActiveCfg = Release|iPhone
		{C44F7903-3A8C-4573-8166-ACDE907D29A3}.Release|iPhone.Build.0 = Release|iPhone
		{C44F7903-3A8C-4573-8166-ACDE907D29A3}.Release|iPhone.Deploy.0 = Release|iPhone
		{C44F7903-3A8C-4573-8166-ACDE907D29A3}.Release|iPhoneSimulator.ActiveCfg = Release|iPhoneSimulator
		{C44F7903-3A8C-4573-8166-ACDE907D29A3}.Release|iPhoneSimulator.Build.0 = Release|iPhoneSimulator
		{C44F7903-3A8C-4573-8166-ACDE907D29A3}.Release|iPhoneSimulator.Deploy.0 = Release|iPhoneSimulator
		{C44F7903-3A8C-4573-8166-ACDE907D29A3}.Release|x64.ActiveCfg = Release|iPhone
		{C44F7903-3A8C-4573-8166-ACDE907D29A3}.Release|x64.Build.0 = Release|iPhone
		{C44F7903-3A8C-4573-8166-ACDE907D29A3}.Release|x64.Deploy.0 = Release|iPhone
		{C44F7903-3A8C-4573-8166-ACDE907D29A3}.Release|x86.ActiveCfg = Release|iPhone
		{C44F7903-3A8C-4573-8166-ACDE907D29A3}.Release|x86.Build.0 = Release|iPhone
		{C44F7903-3A8C-4573-8166-ACDE907D29A3}.Release|x86.Deploy.0 = Release|iPhone
		{2A2611D5-5124-4E5C-8CA4-9B1EE2EAA16C}.Ad-Hoc|Any CPU.ActiveCfg = Release|x86
		{2A2611D5-5124-4E5C-8CA4-9B1EE2EAA16C}.Ad-Hoc|Any CPU.Build.0 = Release|x86
		{2A2611D5-5124-4E5C-8CA4-9B1EE2EAA16C}.Ad-Hoc|Any CPU.Deploy.0 = Release|x86
		{2A2611D5-5124-4E5C-8CA4-9B1EE2EAA16C}.Ad-Hoc|ARM.ActiveCfg = Release|ARM
		{2A2611D5-5124-4E5C-8CA4-9B1EE2EAA16C}.Ad-Hoc|ARM.Build.0 = Release|ARM
		{2A2611D5-5124-4E5C-8CA4-9B1EE2EAA16C}.Ad-Hoc|ARM.Deploy.0 = Release|ARM
		{2A2611D5-5124-4E5C-8CA4-9B1EE2EAA16C}.Ad-Hoc|iPhone.ActiveCfg = Release|x86
		{2A2611D5-5124-4E5C-8CA4-9B1EE2EAA16C}.Ad-Hoc|iPhone.Build.0 = Release|x86
		{2A2611D5-5124-4E5C-8CA4-9B1EE2EAA16C}.Ad-Hoc|iPhone.Deploy.0 = Release|x86
		{2A2611D5-5124-4E5C-8CA4-9B1EE2EAA16C}.Ad-Hoc|iPhoneSimulator.ActiveCfg = Release|x86
		{2A2611D5-5124-4E5C-8CA4-9B1EE2EAA16C}.Ad-Hoc|iPhoneSimulator.Build.0 = Release|x86
		{2A2611D5-5124-4E5C-8CA4-9B1EE2EAA16C}.Ad-Hoc|iPhoneSimulator.Deploy.0 = Release|x86
		{2A2611D5-5124-4E5C-8CA4-9B1EE2EAA16C}.Ad-Hoc|x64.ActiveCfg = Release|x64
		{2A2611D5-5124-4E5C-8CA4-9B1EE2EAA16C}.Ad-Hoc|x64.Build.0 = Release|x64
		{2A2611D5-5124-4E5C-8CA4-9B1EE2EAA16C}.Ad-Hoc|x64.Deploy.0 = Release|x64
		{2A2611D5-5124-4E5C-8CA4-9B1EE2EAA16C}.Ad-Hoc|x86.ActiveCfg = Release|x86
		{2A2611D5-5124-4E5C-8CA4-9B1EE2EAA16C}.Ad-Hoc|x86.Build.0 = Release|x86
		{2A2611D5-5124-4E5C-8CA4-9B1EE2EAA16C}.Ad-Hoc|x86.Deploy.0 = Release|x86
		{2A2611D5-5124-4E5C-8CA4-9B1EE2EAA16C}.AppStore|Any CPU.ActiveCfg = Release|x86
		{2A2611D5-5124-4E5C-8CA4-9B1EE2EAA16C}.AppStore|Any CPU.Build.0 = Release|x86
		{2A2611D5-5124-4E5C-8CA4-9B1EE2EAA16C}.AppStore|Any CPU.Deploy.0 = Release|x86
		{2A2611D5-5124-4E5C-8CA4-9B1EE2EAA16C}.AppStore|ARM.ActiveCfg = Release|ARM
		{2A2611D5-5124-4E5C-8CA4-9B1EE2EAA16C}.AppStore|ARM.Build.0 = Release|ARM
		{2A2611D5-5124-4E5C-8CA4-9B1EE2EAA16C}.AppStore|ARM.Deploy.0 = Release|ARM
		{2A2611D5-5124-4E5C-8CA4-9B1EE2EAA16C}.AppStore|iPhone.ActiveCfg = Release|x86
		{2A2611D5-5124-4E5C-8CA4-9B1EE2EAA16C}.AppStore|iPhone.Build.0 = Release|x86
		{2A2611D5-5124-4E5C-8CA4-9B1EE2EAA16C}.AppStore|iPhone.Deploy.0 = Release|x86
		{2A2611D5-5124-4E5C-8CA4-9B1EE2EAA16C}.AppStore|iPhoneSimulator.ActiveCfg = Release|x86
		{2A2611D5-5124-4E5C-8CA4-9B1EE2EAA16C}.AppStore|iPhoneSimulator.Build.0 = Release|x86
		{2A2611D5-5124-4E5C-8CA4-9B1EE2EAA16C}.AppStore|iPhoneSimulator.Deploy.0 = Release|x86
		{2A2611D5-5124-4E5C-8CA4-9B1EE2EAA16C}.AppStore|x64.ActiveCfg = Release|x64
		{2A2611D5-5124-4E5C-8CA4-9B1EE2EAA16C}.AppStore|x64.Build.0 = Release|x64
		{2A2611D5-5124-4E5C-8CA4-9B1EE2EAA16C}.AppStore|x64.Deploy.0 = Release|x64
		{2A2611D5-5124-4E5C-8CA4-9B1EE2EAA16C}.AppStore|x86.ActiveCfg = Release|x86
		{2A2611D5-5124-4E5C-8CA4-9B1EE2EAA16C}.AppStore|x86.Build.0 = Release|x86
		{2A2611D5-5124-4E5C-8CA4-9B1EE2EAA16C}.AppStore|x86.Deploy.0 = Release|x86
		{2A2611D5-5124-4E5C-8CA4-9B1EE2EAA16C}.Debug|Any CPU.ActiveCfg = Debug|x86
		{2A2611D5-5124-4E5C-8CA4-9B1EE2EAA16C}.Debug|Any CPU.Build.0 = Debug|x86
		{2A2611D5-5124-4E5C-8CA4-9B1EE2EAA16C}.Debug|Any CPU.Deploy.0 = Debug|x86
		{2A2611D5-5124-4E5C-8CA4-9B1EE2EAA16C}.Debug|ARM.ActiveCfg = Debug|ARM
		{2A2611D5-5124-4E5C-8CA4-9B1EE2EAA16C}.Debug|ARM.Build.0 = Debug|ARM
		{2A2611D5-5124-4E5C-8CA4-9B1EE2EAA16C}.Debug|ARM.Deploy.0 = Debug|ARM
		{2A2611D5-5124-4E5C-8CA4-9B1EE2EAA16C}.Debug|iPhone.ActiveCfg = Debug|x86
		{2A2611D5-5124-4E5C-8CA4-9B1EE2EAA16C}.Debug|iPhone.Build.0 = Debug|x86
		{2A2611D5-5124-4E5C-8CA4-9B1EE2EAA16C}.Debug|iPhone.Deploy.0 = Debug|x86
		{2A2611D5-5124-4E5C-8CA4-9B1EE2EAA16C}.Debug|iPhoneSimulator.ActiveCfg = Debug|x86
		{2A2611D5-5124-4E5C-8CA4-9B1EE2EAA16C}.Debug|iPhoneSimulator.Build.0 = Debug|x86
		{2A2611D5-5124-4E5C-8CA4-9B1EE2EAA16C}.Debug|iPhoneSimulator.Deploy.0 = Debug|x86
		{2A2611D5-5124-4E5C-8CA4-9B1EE2EAA16C}.Debug|x64.ActiveCfg = Debug|x64
		{2A2611D5-5124-4E5C-8CA4-9B1EE2EAA16C}.Debug|x64.Build.0 = Debug|x64
		{2A2611D5-5124-4E5C-8CA4-9B1EE2EAA16C}.Debug|x64.Deploy.0 = Debug|x64
		{2A2611D5-5124-4E5C-8CA4-9B1EE2EAA16C}.Debug|x86.ActiveCfg = Debug|x86
		{2A2611D5-5124-4E5C-8CA4-9B1EE2EAA16C}.Debug|x86.Build.0 = Debug|x86
		{2A2611D5-5124-4E5C-8CA4-9B1EE2EAA16C}.Debug|x86.Deploy.0 = Debug|x86
		{2A2611D5-5124-4E5C-8CA4-9B1EE2EAA16C}.Release|Any CPU.ActiveCfg = Release|x86
		{2A2611D5-5124-4E5C-8CA4-9B1EE2EAA16C}.Release|Any CPU.Build.0 = Release|x86
		{2A2611D5-5124-4E5C-8CA4-9B1EE2EAA16C}.Release|Any CPU.Deploy.0 = Release|x86
		{2A2611D5-5124-4E5C-8CA4-9B1EE2EAA16C}.Release|ARM.ActiveCfg = Release|ARM
		{2A2611D5-5124-4E5C-8CA4-9B1EE2EAA16C}.Release|ARM.Build.0 = Release|ARM
		{2A2611D5-5124-4E5C-8CA4-9B1EE2EAA16C}.Release|ARM.Deploy.0 = Release|ARM
		{2A2611D5-5124-4E5C-8CA4-9B1EE2EAA16C}.Release|iPhone.ActiveCfg = Release|x86
		{2A2611D5-5124-4E5C-8CA4-9B1EE2EAA16C}.Release|iPhone.Build.0 = Release|x86
		{2A2611D5-5124-4E5C-8CA4-9B1EE2EAA16C}.Release|iPhone.Deploy.0 = Release|x86
		{2A2611D5-5124-4E5C-8CA4-9B1EE2EAA16C}.Release|iPhoneSimulator.ActiveCfg = Release|x86
		{2A2611D5-5124-4E5C-8CA4-9B1EE2EAA16C}.Release|iPhoneSimulator.Build.0 = Release|x86
		{2A2611D5-5124-4E5C-8CA4-9B1EE2EAA16C}.Release|iPhoneSimulator.Deploy.0 = Release|x86
		{2A2611D5-5124-4E5C-8CA4-9B1EE2EAA16C}.Release|x64.ActiveCfg = Release|x64
		{2A2611D5-5124-4E5C-8CA4-9B1EE2EAA16C}.Release|x64.Build.0 = Release|x64
		{2A2611D5-5124-4E5C-8CA4-9B1EE2EAA16C}.Release|x64.Deploy.0 = Release|x64
		{2A2611D5-5124-4E5C-8CA4-9B1EE2EAA16C}.Release|x86.ActiveCfg = Release|x86
		{2A2611D5-5124-4E5C-8CA4-9B1EE2EAA16C}.Release|x86.Build.0 = Release|x86
		{2A2611D5-5124-4E5C-8CA4-9B1EE2EAA16C}.Release|x86.Deploy.0 = Release|x86
		{CC02115B-8279-4590-B27B-DC278490F8CB}.Ad-Hoc|Any CPU.ActiveCfg = Debug|Any CPU
		{CC02115B-8279-4590-B27B-DC278490F8CB}.Ad-Hoc|Any CPU.Build.0 = Debug|Any CPU
		{CC02115B-8279-4590-B27B-DC278490F8CB}.Ad-Hoc|Any CPU.Deploy.0 = Debug|Any CPU
		{CC02115B-8279-4590-B27B-DC278490F8CB}.Ad-Hoc|ARM.ActiveCfg = Debug|Any CPU
		{CC02115B-8279-4590-B27B-DC278490F8CB}.Ad-Hoc|ARM.Build.0 = Debug|Any CPU
		{CC02115B-8279-4590-B27B-DC278490F8CB}.Ad-Hoc|ARM.Deploy.0 = Debug|Any CPU
		{CC02115B-8279-4590-B27B-DC278490F8CB}.Ad-Hoc|iPhone.ActiveCfg = Debug|Any CPU
		{CC02115B-8279-4590-B27B-DC278490F8CB}.Ad-Hoc|iPhone.Build.0 = Debug|Any CPU
		{CC02115B-8279-4590-B27B-DC278490F8CB}.Ad-Hoc|iPhone.Deploy.0 = Debug|Any CPU
		{CC02115B-8279-4590-B27B-DC278490F8CB}.Ad-Hoc|iPhoneSimulator.ActiveCfg = Debug|Any CPU
		{CC02115B-8279-4590-B27B-DC278490F8CB}.Ad-Hoc|iPhoneSimulator.Build.0 = Debug|Any CPU
		{CC02115B-8279-4590-B27B-DC278490F8CB}.Ad-Hoc|iPhoneSimulator.Deploy.0 = Debug|Any CPU
		{CC02115B-8279-4590-B27B-DC278490F8CB}.Ad-Hoc|x64.ActiveCfg = Debug|Any CPU
		{CC02115B-8279-4590-B27B-DC278490F8CB}.Ad-Hoc|x64.Build.0 = Debug|Any CPU
		{CC02115B-8279-4590-B27B-DC278490F8CB}.Ad-Hoc|x64.Deploy.0 = Debug|Any CPU
		{CC02115B-8279-4590-B27B-DC278490F8CB}.Ad-Hoc|x86.ActiveCfg = Debug|Any CPU
		{CC02115B-8279-4590-B27B-DC278490F8CB}.Ad-Hoc|x86.Build.0 = Debug|Any CPU
		{CC02115B-8279-4590-B27B-DC278490F8CB}.Ad-Hoc|x86.Deploy.0 = Debug|Any CPU
		{CC02115B-8279-4590-B27B-DC278490F8CB}.AppStore|Any CPU.ActiveCfg = Debug|Any CPU
		{CC02115B-8279-4590-B27B-DC278490F8CB}.AppStore|Any CPU.Build.0 = Debug|Any CPU
		{CC02115B-8279-4590-B27B-DC278490F8CB}.AppStore|Any CPU.Deploy.0 = Debug|Any CPU
		{CC02115B-8279-4590-B27B-DC278490F8CB}.AppStore|ARM.ActiveCfg = Debug|Any CPU
		{CC02115B-8279-4590-B27B-DC278490F8CB}.AppStore|ARM.Build.0 = Debug|Any CPU
		{CC02115B-8279-4590-B27B-DC278490F8CB}.AppStore|ARM.Deploy.0 = Debug|Any CPU
		{CC02115B-8279-4590-B27B-DC278490F8CB}.AppStore|iPhone.ActiveCfg = Debug|Any CPU
		{CC02115B-8279-4590-B27B-DC278490F8CB}.AppStore|iPhone.Build.0 = Debug|Any CPU
		{CC02115B-8279-4590-B27B-DC278490F8CB}.AppStore|iPhone.Deploy.0 = Debug|Any CPU
		{CC02115B-8279-4590-B27B-DC278490F8CB}.AppStore|iPhoneSimulator.ActiveCfg = Debug|Any CPU
		{CC02115B-8279-4590-B27B-DC278490F8CB}.AppStore|iPhoneSimulator.Build.0 = Debug|Any CPU
		{CC02115B-8279-4590-B27B-DC278490F8CB}.AppStore|iPhoneSimulator.Deploy.0 = Debug|Any CPU
		{CC02115B-8279-4590-B27B-DC278490F8CB}.AppStore|x64.ActiveCfg = Debug|Any CPU
		{CC02115B-8279-4590-B27B-DC278490F8CB}.AppStore|x64.Build.0 = Debug|Any CPU
		{CC02115B-8279-4590-B27B-DC278490F8CB}.AppStore|x64.Deploy.0 = Debug|Any CPU
		{CC02115B-8279-4590-B27B-DC278490F8CB}.AppStore|x86.ActiveCfg = Debug|Any CPU
		{CC02115B-8279-4590-B27B-DC278490F8CB}.AppStore|x86.Build.0 = Debug|Any CPU
		{CC02115B-8279-4590-B27B-DC278490F8CB}.AppStore|x86.Deploy.0 = Debug|Any CPU
		{CC02115B-8279-4590-B27B-DC278490F8CB}.Debug|Any CPU.ActiveCfg = Debug|Any CPU
		{CC02115B-8279-4590-B27B-DC278490F8CB}.Debug|Any CPU.Build.0 = Debug|Any CPU
		{CC02115B-8279-4590-B27B-DC278490F8CB}.Debug|Any CPU.Deploy.0 = Debug|Any CPU
		{CC02115B-8279-4590-B27B-DC278490F8CB}.Debug|ARM.ActiveCfg = Debug|Any CPU
		{CC02115B-8279-4590-B27B-DC278490F8CB}.Debug|ARM.Build.0 = Debug|Any CPU
		{CC02115B-8279-4590-B27B-DC278490F8CB}.Debug|ARM.Deploy.0 = Debug|Any CPU
		{CC02115B-8279-4590-B27B-DC278490F8CB}.Debug|iPhone.ActiveCfg = Debug|Any CPU
		{CC02115B-8279-4590-B27B-DC278490F8CB}.Debug|iPhone.Build.0 = Debug|Any CPU
		{CC02115B-8279-4590-B27B-DC278490F8CB}.Debug|iPhone.Deploy.0 = Debug|Any CPU
		{CC02115B-8279-4590-B27B-DC278490F8CB}.Debug|iPhoneSimulator.ActiveCfg = Debug|Any CPU
		{CC02115B-8279-4590-B27B-DC278490F8CB}.Debug|iPhoneSimulator.Build.0 = Debug|Any CPU
		{CC02115B-8279-4590-B27B-DC278490F8CB}.Debug|iPhoneSimulator.Deploy.0 = Debug|Any CPU
		{CC02115B-8279-4590-B27B-DC278490F8CB}.Debug|x64.ActiveCfg = Debug|Any CPU
		{CC02115B-8279-4590-B27B-DC278490F8CB}.Debug|x64.Build.0 = Debug|Any CPU
		{CC02115B-8279-4590-B27B-DC278490F8CB}.Debug|x64.Deploy.0 = Debug|Any CPU
		{CC02115B-8279-4590-B27B-DC278490F8CB}.Debug|x86.ActiveCfg = Debug|Any CPU
		{CC02115B-8279-4590-B27B-DC278490F8CB}.Debug|x86.Build.0 = Debug|Any CPU
		{CC02115B-8279-4590-B27B-DC278490F8CB}.Debug|x86.Deploy.0 = Debug|Any CPU
		{CC02115B-8279-4590-B27B-DC278490F8CB}.Release|Any CPU.ActiveCfg = Release|Any CPU
		{CC02115B-8279-4590-B27B-DC278490F8CB}.Release|Any CPU.Build.0 = Release|Any CPU
		{CC02115B-8279-4590-B27B-DC278490F8CB}.Release|Any CPU.Deploy.0 = Release|Any CPU
		{CC02115B-8279-4590-B27B-DC278490F8CB}.Release|ARM.ActiveCfg = Release|Any CPU
		{CC02115B-8279-4590-B27B-DC278490F8CB}.Release|ARM.Build.0 = Release|Any CPU
		{CC02115B-8279-4590-B27B-DC278490F8CB}.Release|ARM.Deploy.0 = Release|Any CPU
		{CC02115B-8279-4590-B27B-DC278490F8CB}.Release|iPhone.ActiveCfg = Release|Any CPU
		{CC02115B-8279-4590-B27B-DC278490F8CB}.Release|iPhone.Build.0 = Release|Any CPU
		{CC02115B-8279-4590-B27B-DC278490F8CB}.Release|iPhone.Deploy.0 = Release|Any CPU
		{CC02115B-8279-4590-B27B-DC278490F8CB}.Release|iPhoneSimulator.ActiveCfg = Release|Any CPU
		{CC02115B-8279-4590-B27B-DC278490F8CB}.Release|iPhoneSimulator.Build.0 = Release|Any CPU
		{CC02115B-8279-4590-B27B-DC278490F8CB}.Release|iPhoneSimulator.Deploy.0 = Release|Any CPU
		{CC02115B-8279-4590-B27B-DC278490F8CB}.Release|x64.ActiveCfg = Release|Any CPU
		{CC02115B-8279-4590-B27B-DC278490F8CB}.Release|x64.Build.0 = Release|Any CPU
		{CC02115B-8279-4590-B27B-DC278490F8CB}.Release|x64.Deploy.0 = Release|Any CPU
		{CC02115B-8279-4590-B27B-DC278490F8CB}.Release|x86.ActiveCfg = Release|Any CPU
		{CC02115B-8279-4590-B27B-DC278490F8CB}.Release|x86.Build.0 = Release|Any CPU
		{CC02115B-8279-4590-B27B-DC278490F8CB}.Release|x86.Deploy.0 = Release|Any CPU
	EndGlobalSection
	GlobalSection(SolutionProperties) = preSolution
		HideSolutionNode = FALSE
	EndGlobalSection
	GlobalSection(ExtensibilityGlobals) = postSolution
		SolutionGuid = {6714E200-CD8B-45A4-8958-3828013BD20D}
	EndGlobalSection
EndGlobal
